
Microsoft Visual Studio Solution File, Format Version 12.00
# Visual Studio Version 16
VisualStudioVersion = 16.0.31112.23
MinimumVisualStudioVersion = 10.0.40219.1
Project("{8BC9CEB8-8B4A-11D0-8D11-00A0C91BC942}") = "ThirdLab", "ThirdLab\ThirdLab.vcxproj", "{50CAB709-8001-4564-B839-D461D5354894}"
EndProject
Global
	GlobalSection(SolutionConfigurationPlatforms) = preSolution
		Debug|x64 = Debug|x64
		Debug|x86 = Debug|x86
		Release|x64 = Release|x64
		Release|x86 = Release|x86
	EndGlobalSection
	GlobalSection(ProjectConfigurationPlatforms) = postSolution
		{50CAB709-8001-4564-B839-D461D5354894}.Debug|x64.ActiveCfg = Debug|x64
		{50CAB709-8001-4564-B839-D461D5354894}.Debug|x64.Build.0 = Debug|x64
		{50CAB709-8001-4564-B839-D461D5354894}.Debug|x86.ActiveCfg = Debug|Win32
		{50CAB709-8001-4564-B839-D461D5354894}.Debug|x86.Build.0 = Debug|Win32
		{50CAB709-8001-4564-B839-D461D5354894}.Release|x64.ActiveCfg = Release|x64
		{50CAB709-8001-4564-B839-D461D5354894}.Release|x64.Build.0 = Release|x64
		{50CAB709-8001-4564-B839-D461D5354894}.Release|x86.ActiveCfg = Release|Win32
		{50CAB709-8001-4564-B839-D461D5354894}.Release|x86.Build.0 = Release|Win32
	EndGlobalSection
	GlobalSection(SolutionProperties) = preSolution
		HideSolutionNode = FALSE
	EndGlobalSection
	GlobalSection(ExtensibilityGlobals) = postSolution
		SolutionGuid = {EEDBCB1E-3E06-4566-B749-6BB8C93973E9}
	EndGlobalSection
EndGlobal
